
Microsoft Visual Studio Solution File, Format Version 12.00
# Visual Studio Version 17
VisualStudioVersion = 17.5.33516.290
MinimumVisualStudioVersion = 10.0.40219.1
Project("{9A19103F-16F7-4668-BE54-9A1E7A4F7556}") = "ShopOnline.Models", "ShopOnline.Models\ShopOnline.Models.csproj", "{3D3921AB-C18D-4D9B-B14F-191F7D3A45C7}"
EndProject
Project("{9A19103F-16F7-4668-BE54-9A1E7A4F7556}") = "ShopOnline.Api", "ShopOnline.Api\ShopOnline.Api.csproj", "{4FBC341D-E58A-4460-A92B-0E289CCEAAE8}"
EndProject
Project("{9A19103F-16F7-4668-BE54-9A1E7A4F7556}") = "ShopOnline.Web", "ShopOnline.Web\ShopOnline.Web.csproj", "{7C4C8FF8-5747-4FC9-9EB4-02C9434C265A}"
EndProject
Global
	GlobalSection(SolutionConfigurationPlatforms) = preSolution
		Debug|Any CPU = Debug|Any CPU
		Release|Any CPU = Release|Any CPU
	EndGlobalSection
	GlobalSection(ProjectConfigurationPlatforms) = postSolution
		{3D3921AB-C18D-4D9B-B14F-191F7D3A45C7}.Debug|Any CPU.ActiveCfg = Debug|Any CPU
		{3D3921AB-C18D-4D9B-B14F-191F7D3A45C7}.Debug|Any CPU.Build.0 = Debug|Any CPU
		{3D3921AB-C18D-4D9B-B14F-191F7D3A45C7}.Release|Any CPU.ActiveCfg = Release|Any CPU
		{3D3921AB-C18D-4D9B-B14F-191F7D3A45C7}.Release|Any CPU.Build.0 = Release|Any CPU
		{4FBC341D-E58A-4460-A92B-0E289CCEAAE8}.Debug|Any CPU.ActiveCfg = Debug|Any CPU
		{4FBC341D-E58A-4460-A92B-0E289CCEAAE8}.Debug|Any CPU.Build.0 = Debug|Any CPU
		{4FBC341D-E58A-4460-A92B-0E289CCEAAE8}.Release|Any CPU.ActiveCfg = Release|Any CPU
		{4FBC341D-E58A-4460-A92B-0E289CCEAAE8}.Release|Any CPU.Build.0 = Release|Any CPU
		{7C4C8FF8-5747-4FC9-9EB4-02C9434C265A}.Debug|Any CPU.ActiveCfg = Debug|Any CPU
		{7C4C8FF8-5747-4FC9-9EB4-02C9434C265A}.Debug|Any CPU.Build.0 = Debug|Any CPU
		{7C4C8FF8-5747-4FC9-9EB4-02C9434C265A}.Release|Any CPU.ActiveCfg = Release|Any CPU
		{7C4C8FF8-5747-4FC9-9EB4-02C9434C265A}.Release|Any CPU.Build.0 = Release|Any CPU
	EndGlobalSection
	GlobalSection(SolutionProperties) = preSolution
		HideSolutionNode = FALSE
	EndGlobalSection
	GlobalSection(ExtensibilityGlobals) = postSolution
		SolutionGuid = {26DE3D10-5499-4442-9CC8-DA46BECF2560}
	EndGlobalSection
EndGlobal
